{
  "name": "el-chupacabra",
  "version": "0.0.2",
  "lockfileVersion": 3,
  "requires": true,
  "packages": {
    "": {
      "name": "el-chupacabra",
      "version": "0.0.2",
      "license": "MIT",
      "dependencies": {
        "acorn": "^8.10.0"
      },
      "devDependencies": {
        "@types/acorn": "^6.0.0",
        "@types/node": "^20.4.10",
        "typescript": "^5.1.6"
      }
    },
    "node_modules/@types/acorn": {
      "version": "6.0.0",
      "resolved": "https://registry.npmjs.org/@types/acorn/-/acorn-6.0.0.tgz",
      "integrity": "sha512-8tSIZoick397hAZIZkiq6R09qNgLjx0CBvmxix3gWyCi6UvXNFjN56xh4e1wTwyYlnTEy32tgo9cooxt6J4lhA==",
      "deprecated": "This is a stub types definition. acorn provides its own type definitions, so you do not need this installed.",
      "dev": true,
      "dependencies": {
        "acorn": "*"
      }
    },
    "node_modules/@types/node": {
      "version": "20.4.10",
      "resolved": "https://registry.npmjs.org/@types/node/-/node-20.4.10.tgz",
      "integrity": "sha512-vwzFiiy8Rn6E0MtA13/Cxxgpan/N6UeNYR9oUu6kuJWxu6zCk98trcDp8CBhbtaeuq9SykCmXkFr2lWLoPcvLg==",
      "dev": true
    },
    "node_modules/acorn": {
      "version": "8.10.0",
      "resolved": "https://registry.npmjs.org/acorn/-/acorn-8.10.0.tgz",
      "integrity": "sha512-F0SAmZ8iUtS//m8DmCTA0jlh6TDKkHQyK6xc6V4KDTyZKA9dnvX9/3sRTVQrWm79glUAZbnmmNcdYwUIHWVybw==",
      "bin": {
        "acorn": "bin/acorn"
      },
      "engines": {
        "node": ">=0.4.0"
      }
    },
    "node_modules/typescript": {
      "version": "5.1.6",
      "resolved": "https://registry.npmjs.org/typescript/-/typescript-5.1.6.tgz",
      "integrity": "sha512-zaWCozRZ6DLEWAWFrVDz1H6FVXzUSfTy5FUMWsQlU8Ym5JP9eO4xkTIROFCQvhQf61z6O/G6ugw3SgAnvvm+HA==",
      "dev": true,
      "bin": {
        "tsc": "bin/tsc",
        "tsserver": "bin/tsserver"
      },
      "engines": {
        "node": ">=14.17"
      }
    }
  }
}
